
Microsoft Visual Studio Solution File, Format Version 12.00
# Visual Studio Version 17
VisualStudioVersion = 17.9.34728.123
MinimumVisualStudioVersion = 10.0.40219.1
Project("{9A19103F-16F7-4668-BE54-9A1E7A4F7556}") = "Pet-Project.Logic", "Pet-Project.Logic\Pet-Project.Logic.csproj", "{48F115DD-5CC4-4621-85EC-83F825A61CCA}"
EndProject
Project("{9A19103F-16F7-4668-BE54-9A1E7A4F7556}") = "Pet-Project.Persistence", "Pet-Project.Persistence\Pet-Project.Persistence.csproj", "{A55176C3-ED10-4F0B-A9C9-F0B8FB5CF246}"
	ProjectSection(ProjectDependencies) = postProject
		{48F115DD-5CC4-4621-85EC-83F825A61CCA} = {48F115DD-5CC4-4621-85EC-83F825A61CCA}
	EndProjectSection
EndProject
Project("{9A19103F-16F7-4668-BE54-9A1E7A4F7556}") = "Pet-Project.Application", "Pet-Project.Application\Pet-Project.Application.csproj", "{4594E1FD-A497-4B4C-833B-A98E5CB18BCE}"
EndProject
Project("{9A19103F-16F7-4668-BE54-9A1E7A4F7556}") = "Pet-Project.Infrastructure", "Pet-Project.Infrastructure\Pet-Project.Infrastructure.csproj", "{3E4FD8FD-E6DF-49EF-AF2C-B68B66C3AB72}"
EndProject
Project("{9A19103F-16F7-4668-BE54-9A1E7A4F7556}") = "Pet-Project.WebApi", "Pet-Project.WebApi\Pet-Project.WebApi.csproj", "{BEC5F4E2-D727-4315-9D0C-78A8B2EE3529}"
	ProjectSection(ProjectDependencies) = postProject
		{3E4FD8FD-E6DF-49EF-AF2C-B68B66C3AB72} = {3E4FD8FD-E6DF-49EF-AF2C-B68B66C3AB72}
		{4594E1FD-A497-4B4C-833B-A98E5CB18BCE} = {4594E1FD-A497-4B4C-833B-A98E5CB18BCE}
		{48F115DD-5CC4-4621-85EC-83F825A61CCA} = {48F115DD-5CC4-4621-85EC-83F825A61CCA}
		{A55176C3-ED10-4F0B-A9C9-F0B8FB5CF246} = {A55176C3-ED10-4F0B-A9C9-F0B8FB5CF246}
	EndProjectSection
EndProject
Global
	GlobalSection(SolutionConfigurationPlatforms) = preSolution
		Debug|Any CPU = Debug|Any CPU
		Release|Any CPU = Release|Any CPU
	EndGlobalSection
	GlobalSection(ProjectConfigurationPlatforms) = postSolution
		{48F115DD-5CC4-4621-85EC-83F825A61CCA}.Debug|Any CPU.ActiveCfg = Debug|Any CPU
		{48F115DD-5CC4-4621-85EC-83F825A61CCA}.Debug|Any CPU.Build.0 = Debug|Any CPU
		{48F115DD-5CC4-4621-85EC-83F825A61CCA}.Release|Any CPU.ActiveCfg = Release|Any CPU
		{48F115DD-5CC4-4621-85EC-83F825A61CCA}.Release|Any CPU.Build.0 = Release|Any CPU
		{A55176C3-ED10-4F0B-A9C9-F0B8FB5CF246}.Debug|Any CPU.ActiveCfg = Debug|Any CPU
		{A55176C3-ED10-4F0B-A9C9-F0B8FB5CF246}.Debug|Any CPU.Build.0 = Debug|Any CPU
		{A55176C3-ED10-4F0B-A9C9-F0B8FB5CF246}.Release|Any CPU.ActiveCfg = Release|Any CPU
		{A55176C3-ED10-4F0B-A9C9-F0B8FB5CF246}.Release|Any CPU.Build.0 = Release|Any CPU
		{4594E1FD-A497-4B4C-833B-A98E5CB18BCE}.Debug|Any CPU.ActiveCfg = Debug|Any CPU
		{4594E1FD-A497-4B4C-833B-A98E5CB18BCE}.Debug|Any CPU.Build.0 = Debug|Any CPU
		{4594E1FD-A497-4B4C-833B-A98E5CB18BCE}.Release|Any CPU.ActiveCfg = Release|Any CPU
		{4594E1FD-A497-4B4C-833B-A98E5CB18BCE}.Release|Any CPU.Build.0 = Release|Any CPU
		{3E4FD8FD-E6DF-49EF-AF2C-B68B66C3AB72}.Debug|Any CPU.ActiveCfg = Debug|Any CPU
		{3E4FD8FD-E6DF-49EF-AF2C-B68B66C3AB72}.Debug|Any CPU.Build.0 = Debug|Any CPU
		{3E4FD8FD-E6DF-49EF-AF2C-B68B66C3AB72}.Release|Any CPU.ActiveCfg = Release|Any CPU
		{3E4FD8FD-E6DF-49EF-AF2C-B68B66C3AB72}.Release|Any CPU.Build.0 = Release|Any CPU
		{BEC5F4E2-D727-4315-9D0C-78A8B2EE3529}.Debug|Any CPU.ActiveCfg = Debug|Any CPU
		{BEC5F4E2-D727-4315-9D0C-78A8B2EE3529}.Debug|Any CPU.Build.0 = Debug|Any CPU
		{BEC5F4E2-D727-4315-9D0C-78A8B2EE3529}.Release|Any CPU.ActiveCfg = Release|Any CPU
		{BEC5F4E2-D727-4315-9D0C-78A8B2EE3529}.Release|Any CPU.Build.0 = Release|Any CPU
	EndGlobalSection
	GlobalSection(SolutionProperties) = preSolution
		HideSolutionNode = FALSE
	EndGlobalSection
	GlobalSection(ExtensibilityGlobals) = postSolution
		SolutionGuid = {5B547EAA-386B-4FCC-9E8B-7A9FFF156D90}
	EndGlobalSection
EndGlobal
